
Microsoft Visual Studio Solution File, Format Version 12.00
# Visual Studio Version 16
VisualStudioVersion = 16.0.29324.140
MinimumVisualStudioVersion = 10.0.40219.1
Project("{9A19103F-16F7-4668-BE54-9A1E7A4F7556}") = "AspNetCorePasswordHashing", "src\AspNetCorePasswordHashing\AspNetCorePasswordHashing.csproj", "{1131E66F-1860-4A29-AA08-BC39DC38D2FE}"
EndProject
Project("{9A19103F-16F7-4668-BE54-9A1E7A4F7556}") = "PasswordHash", "src\PasswordHash\PasswordHash.csproj", "{1B1C16EE-B3E5-446C-8E0B-791E3E3FA2C3}"
EndProject
Project("{9A19103F-16F7-4668-BE54-9A1E7A4F7556}") = "PasswordHashTests", "tests\PasswordHashTests\PasswordHashTests.csproj", "{DB0F032A-B24E-4780-8D7B-8A71DEA3DDA9}"
EndProject
Global
	GlobalSection(SolutionConfigurationPlatforms) = preSolution
		Debug|Any CPU = Debug|Any CPU
		Release|Any CPU = Release|Any CPU
	EndGlobalSection
	GlobalSection(ProjectConfigurationPlatforms) = postSolution
		{1131E66F-1860-4A29-AA08-BC39DC38D2FE}.Debug|Any CPU.ActiveCfg = Debug|Any CPU
		{1131E66F-1860-4A29-AA08-BC39DC38D2FE}.Debug|Any CPU.Build.0 = Debug|Any CPU
		{1131E66F-1860-4A29-AA08-BC39DC38D2FE}.Release|Any CPU.ActiveCfg = Release|Any CPU
		{1131E66F-1860-4A29-AA08-BC39DC38D2FE}.Release|Any CPU.Build.0 = Release|Any CPU
		{1B1C16EE-B3E5-446C-8E0B-791E3E3FA2C3}.Debug|Any CPU.ActiveCfg = Debug|Any CPU
		{1B1C16EE-B3E5-446C-8E0B-791E3E3FA2C3}.Debug|Any CPU.Build.0 = Debug|Any CPU
		{1B1C16EE-B3E5-446C-8E0B-791E3E3FA2C3}.Release|Any CPU.ActiveCfg = Release|Any CPU
		{1B1C16EE-B3E5-446C-8E0B-791E3E3FA2C3}.Release|Any CPU.Build.0 = Release|Any CPU
		{DB0F032A-B24E-4780-8D7B-8A71DEA3DDA9}.Debug|Any CPU.ActiveCfg = Debug|Any CPU
		{DB0F032A-B24E-4780-8D7B-8A71DEA3DDA9}.Debug|Any CPU.Build.0 = Debug|Any CPU
		{DB0F032A-B24E-4780-8D7B-8A71DEA3DDA9}.Release|Any CPU.ActiveCfg = Release|Any CPU
		{DB0F032A-B24E-4780-8D7B-8A71DEA3DDA9}.Release|Any CPU.Build.0 = Release|Any CPU
	EndGlobalSection
	GlobalSection(SolutionProperties) = preSolution
		HideSolutionNode = FALSE
	EndGlobalSection
	GlobalSection(ExtensibilityGlobals) = postSolution
		SolutionGuid = {7797AAC4-5A4A-4E4B-84EA-C9B519558134}
	EndGlobalSection
EndGlobal
